{
  "lockfile_version": "1",
  "packages": {
    "cloud-utils@latest": {
      "last_modified": "2025-06-22T15:15:55Z",
      "resolved": "github:NixOS/nixpkgs/3078b9a9e75f1790e6d6ef9955fdc6a2d1740cc6#cloud-utils",
      "source": "devbox-search",
      "version": "0.33",
      "systems": {
        "aarch64-darwin": {
          "outputs": [
            {
              "name": "out",
              "path": "/nix/store/f4gm5sm593ipwz526ymjsx177w7n3rlx-cloud-utils-0.33",
              "default": true
            },
            {
              "name": "guest",
              "path": "/nix/store/d0z744y65hry87m9idnp3xa9kspzrisl-cloud-utils-0.33-guest"
            }
          ],
          "store_path": "/nix/store/f4gm5sm593ipwz526ymjsx177w7n3rlx-cloud-utils-0.33"
        },
        "aarch64-linux": {
          "outputs": [
            {
              "name": "out",
              "path": "/nix/store/k9qk8s9gd9hl96wpsfblf22lsvgvndfx-cloud-utils-0.33",
              "default": true
            },
            {
              "name": "guest",
              "path": "/nix/store/ny4ff5mrfhn98ygz9z61z14qrl42130b-cloud-utils-0.33-guest"
            }
          ],
          "store_path": "/nix/store/k9qk8s9gd9hl96wpsfblf22lsvgvndfx-cloud-utils-0.33"
        },
        "x86_64-darwin": {
          "outputs": [
            {
              "name": "out",
              "path": "/nix/store/r477li173q1jx2aqpx1cxnafixjva5lk-cloud-utils-0.33",
              "default": true
            },
            {
              "name": "guest",
              "path": "/nix/store/kgyamnfmbfbmk908kdhmx6fxmc23ar8c-cloud-utils-0.33-guest"
            }
          ],
          "store_path": "/nix/store/r477li173q1jx2aqpx1cxnafixjva5lk-cloud-utils-0.33"
        },
        "x86_64-linux": {
          "outputs": [
            {
              "name": "out",
              "path": "/nix/store/z9jzy259lv471pqxdcprzrnybyp625mw-cloud-utils-0.33",
              "default": true
            },
            {
              "name": "guest",
              "path": "/nix/store/za7maay7wf4pdnk6spz6rlf07h7pfmil-cloud-utils-0.33-guest"
            }
          ],
          "store_path": "/nix/store/z9jzy259lv471pqxdcprzrnybyp625mw-cloud-utils-0.33"
        }
      }
    },
    "expect@latest": {
      "last_modified": "2025-06-20T02:24:11Z",
      "resolved": "github:NixOS/nixpkgs/076e8c6678d8c54204abcb4b1b14c366835a58bb#expect",
      "source": "devbox-search",
      "version": "5.45.4",
      "systems": {
        "aarch64-darwin": {
          "outputs": [
            {
              "name": "out",
              "path": "/nix/store/fszwp97ffds2bjgkg4k8as4dfywwciw4-expect-5.45.4",
              "default": true
            },
            {
              "name": "dev",
              "path": "/nix/store/jmjf61q3pm9y18p6gr6p2r44766bjw1a-expect-5.45.4-dev"
            }
          ],
          "store_path": "/nix/store/fszwp97ffds2bjgkg4k8as4dfywwciw4-expect-5.45.4"
        },
        "aarch64-linux": {
          "outputs": [
            {
              "name": "out",
              "path": "/nix/store/bya42rszq6aafrgkmhbw1rpv8h5l4idb-expect-5.45.4",
              "default": true
            },
            {
              "name": "dev",
              "path": "/nix/store/s0j8n64fcnwawxfrdzbj1hdy4yahaclb-expect-5.45.4-dev"
            }
          ],
          "store_path": "/nix/store/bya42rszq6aafrgkmhbw1rpv8h5l4idb-expect-5.45.4"
        },
        "x86_64-darwin": {
          "outputs": [
            {
              "name": "out",
              "path": "/nix/store/2wlhjhh04fnj73m760hpr27d4502ywvq-expect-5.45.4",
              "default": true
            },
            {
              "name": "dev",
              "path": "/nix/store/aqnrxqk9109mh7jpfzq29s736li2v87c-expect-5.45.4-dev"
            }
          ],
          "store_path": "/nix/store/2wlhjhh04fnj73m760hpr27d4502ywvq-expect-5.45.4"
        },
        "x86_64-linux": {
          "outputs": [
            {
              "name": "out",
              "path": "/nix/store/zkc8nvkw8m0i6bzfy7zva107xn3cd8wr-expect-5.45.4",
              "default": true
            },
            {
              "name": "dev",
              "path": "/nix/store/3gl4dfs7l6hk0pij43hwk0vnzmambqpz-expect-5.45.4-dev"
            }
          ],
          "store_path": "/nix/store/zkc8nvkw8m0i6bzfy7zva107xn3cd8wr-expect-5.45.4"
        }
      }
    },
    "github:NixOS/nixpkgs/nixpkgs-unstable": {
      "last_modified": "2025-06-24T02:18:21Z",
      "resolved": "github:NixOS/nixpkgs/69dfebb3d175bde602f612915c5576a41b18486b?lastModified=1750731501&narHash=sha256-Ah4qq%2BSbwMaGkuXCibyg%2BFwn00el4KmI3XFX6htfDuk%3D"
    },
    "gnumake@latest": {
      "last_modified": "2025-06-20T02:24:11Z",
      "resolved": "github:NixOS/nixpkgs/076e8c6678d8c54204abcb4b1b14c366835a58bb#gnumake",
      "source": "devbox-search",
      "version": "4.4.1",
      "systems": {
        "aarch64-darwin": {
          "outputs": [
            {
              "name": "out",
              "path": "/nix/store/r7m07s173xa5nlii49999m0666i4sh27-gnumake-4.4.1",
              "default": true
            },
            {
              "name": "man",
              "path": "/nix/store/dk7vh49s82kl68y3pv4b5glmz31xh255-gnumake-4.4.1-man",
              "default": true
            },
            {
              "name": "info",
              "path": "/nix/store/39c179hnw4w0y9pikjxm9zvrsq9wxs6q-gnumake-4.4.1-info"
            }
          ],
          "store_path": "/nix/store/r7m07s173xa5nlii49999m0666i4sh27-gnumake-4.4.1"
        },
        "aarch64-linux": {
          "outputs": [
            {
              "name": "out",
              "path": "/nix/store/1yr3fp9z2a6bnfxyrg9r9a50cn0fgs1c-gnumake-4.4.1",
              "default": true
            },
            {
              "name": "man",
              "path": "/nix/store/8p351d8fiirsppiz0mmjanp4k40k8fb5-gnumake-4.4.1-man",
              "default": true
            },
            {
              "name": "debug",
              "path": "/nix/store/5n3plbn2w3my72ji83f3ffg1rykcj09m-gnumake-4.4.1-debug"
            },
            {
              "name": "info",
              "path": "/nix/store/yahicgkv1xprlqv6nlgzdyfivqmghpbi-gnumake-4.4.1-info"
            }
          ],
          "store_path": "/nix/store/1yr3fp9z2a6bnfxyrg9r9a50cn0fgs1c-gnumake-4.4.1"
        },
        "x86_64-darwin": {
          "outputs": [
            {
              "name": "out",
              "path": "/nix/store/m9l6dyxvkzlawlsb56gmj40ahlvhyg02-gnumake-4.4.1",
              "default": true
            },
            {
              "name": "man",
              "path": "/nix/store/fhf8z0n0qdrzim6jckj0kib749skibp7-gnumake-4.4.1-man",
              "default": true
            },
            {
              "name": "info",
              "path": "/nix/store/27x32j1ild76cv8aw3v89x0vzkz57g9b-gnumake-4.4.1-info"
            }
          ],
          "store_path": "/nix/store/m9l6dyxvkzlawlsb56gmj40ahlvhyg02-gnumake-4.4.1"
        },
        "x86_64-linux": {
          "outputs": [
            {
              "name": "out",
              "path": "/nix/store/20ljlr4fvln0pd2xcrhy6bm27bk1dnc7-gnumake-4.4.1",
              "default": true
            },
            {
              "name": "man",
              "path": "/nix/store/ylv36wr8356r4ff02nlw1h70cigx582h-gnumake-4.4.1-man",
              "default": true
            },
            {
              "name": "debug",
              "path": "/nix/store/6z5kdrm4iz98knwcf6bzkrrdnfc0y521-gnumake-4.4.1-debug"
            },
            {
              "name": "info",
              "path": "/nix/store/qjwiip462nkv8dand7zql6np4plzk8rq-gnumake-4.4.1-info"
            }
          ],
          "store_path": "/nix/store/20ljlr4fvln0pd2xcrhy6bm27bk1dnc7-gnumake-4.4.1"
        }
      }
    },
    "gnupg@latest": {
      "last_modified": "2025-06-20T02:24:11Z",
      "resolved": "github:NixOS/nixpkgs/076e8c6678d8c54204abcb4b1b14c366835a58bb#gnupg",
      "source": "devbox-search",
      "version": "2.4.7",
      "systems": {
        "aarch64-darwin": {
          "outputs": [
            {
              "name": "out",
              "path": "/nix/store/as7lycr0g57anmdbclmfd9hr8lchlq28-gnupg-2.4.7",
              "default": true
            }
          ],
          "store_path": "/nix/store/as7lycr0g57anmdbclmfd9hr8lchlq28-gnupg-2.4.7"
        },
        "aarch64-linux": {
          "outputs": [
            {
              "name": "out",
              "path": "/nix/store/afmaz5ij5687ljw6i55g3zpa3j4rfmdc-gnupg-2.4.7",
              "default": true
            }
          ],
          "store_path": "/nix/store/afmaz5ij5687ljw6i55g3zpa3j4rfmdc-gnupg-2.4.7"
        },
        "x86_64-darwin": {
          "outputs": [
            {
              "name": "out",
              "path": "/nix/store/ym1s02c6mpahx6fm007760vl5v5rpaip-gnupg-2.4.7",
              "default": true
            }
          ],
          "store_path": "/nix/store/ym1s02c6mpahx6fm007760vl5v5rpaip-gnupg-2.4.7"
        },
        "x86_64-linux": {
          "outputs": [
            {
              "name": "out",
              "path": "/nix/store/llxp5n33a0l8fbhvhmgq5l8kvz8c887j-gnupg-2.4.7",
              "default": true
            }
          ],
          "store_path": "/nix/store/llxp5n33a0l8fbhvhmgq5l8kvz8c887j-gnupg-2.4.7"
        }
      }
    },
    "libisoburn@latest": {
      "last_modified": "2025-07-09T16:14:05Z",
      "resolved": "github:NixOS/nixpkgs/be9e214982e20b8310878ac2baa063a961c1bdf6#libisoburn",
      "source": "devbox-search",
      "version": "1.5.6",
      "systems": {
        "aarch64-darwin": {
          "outputs": [
            {
              "name": "out",
              "path": "/nix/store/3r7glwphdn991id5pjh7sc5dcvla3c06-libisoburn-1.5.6",
              "default": true
            },
            {
              "name": "man",
              "path": "/nix/store/da6xyjkhwbw2m1crdbp2r6wdvj32fkcy-libisoburn-1.5.6-man",
              "default": true
            },
            {
              "name": "dev",
              "path": "/nix/store/r9aqvn4wylppbxgdfdd9qcfpm0dbv640-libisoburn-1.5.6-dev"
            },
            {
              "name": "info",
              "path": "/nix/store/m6xw69q673146kkf5sk3s7vlnljk51dv-libisoburn-1.5.6-info"
            },
            {
              "name": "lib",
              "path": "/nix/store/5yv2hqx6vma2nilr2bgwwac69pb2nikw-libisoburn-1.5.6-lib"
            }
          ],
          "store_path": "/nix/store/3r7glwphdn991id5pjh7sc5dcvla3c06-libisoburn-1.5.6"
        },
        "aarch64-linux": {
          "outputs": [
            {
              "name": "out",
              "path": "/nix/store/6hhjiahwdlrliavch9rkbvr1520rv8yh-libisoburn-1.5.6",
              "default": true
            },
            {
              "name": "man",
              "path": "/nix/store/98xnjgfvprhmf3xhvy7mx6h71d58ygik-libisoburn-1.5.6-man",
              "default": true
            },
            {
              "name": "lib",
              "path": "/nix/store/4g42asc0fg784bdj51ppykxnyj1sa5kb-libisoburn-1.5.6-lib"
            },
            {
              "name": "dev",
              "path": "/nix/store/cgjr9wy4lc4vxji6143v55z43rrf8bh7-libisoburn-1.5.6-dev"
            },
            {
              "name": "info",
              "path": "/nix/store/2p4743sm5a170yb2s3bw9c668w2nm1qy-libisoburn-1.5.6-info"
            }
          ],
          "store_path": "/nix/store/6hhjiahwdlrliavch9rkbvr1520rv8yh-libisoburn-1.5.6"
        },
        "x86_64-darwin": {
          "outputs": [
            {
              "name": "out",
              "path": "/nix/store/30hv1q5i46li4cmrh5zchb1igr64jqyv-libisoburn-1.5.6",
              "default": true
            },
            {
              "name": "man",
              "path": "/nix/store/ii8vchsjgx6s5nixxpcngynzxyr1xk1i-libisoburn-1.5.6-man",
              "default": true
            },
            {
              "name": "lib",
              "path": "/nix/store/m4sp9cmg9vl0giv8xkb749jf76qv85fv-libisoburn-1.5.6-lib"
            },
            {
              "name": "dev",
              "path": "/nix/store/asa7d795zm0n1dj1hajf9zcb5wvrqynw-libisoburn-1.5.6-dev"
            },
            {
              "name": "info",
              "path": "/nix/store/203l3qws9cn1sldahv13ixpr646vrwmh-libisoburn-1.5.6-info"
            }
          ],
          "store_path": "/nix/store/30hv1q5i46li4cmrh5zchb1igr64jqyv-libisoburn-1.5.6"
        },
        "x86_64-linux": {
          "outputs": [
            {
              "name": "out",
              "path": "/nix/store/3r935bs7gzial7bw9s1s2kg03q7wbv9f-libisoburn-1.5.6",
              "default": true
            },
            {
              "name": "man",
              "path": "/nix/store/wi7fd4kzxvvhi9s5c2z6lwz9w4l1xshn-libisoburn-1.5.6-man",
              "default": true
            },
            {
              "name": "dev",
              "path": "/nix/store/im8dmaay3pznq6wnr1wx3xhvnlr921pp-libisoburn-1.5.6-dev"
            },
            {
              "name": "info",
              "path": "/nix/store/3hlviirfk4cb2bkxyyf2ji4dcmy40bap-libisoburn-1.5.6-info"
            },
            {
              "name": "lib",
              "path": "/nix/store/66vza6hq6i9hphq75ww33ydx6ka4plwk-libisoburn-1.5.6-lib"
            }
          ],
          "store_path": "/nix/store/3r935bs7gzial7bw9s1s2kg03q7wbv9f-libisoburn-1.5.6"
        }
      }
    },
    "libvirt@latest": {
      "last_modified": "2025-07-09T16:14:05Z",
      "resolved": "github:NixOS/nixpkgs/be9e214982e20b8310878ac2baa063a961c1bdf6#libvirt",
      "source": "devbox-search",
      "version": "11.4.0",
      "systems": {
        "aarch64-darwin": {
          "outputs": [
            {
              "name": "out",
              "path": "/nix/store/74m5gc9nzp54nja6cxqf6mqh8badqqbs-libvirt-11.4.0",
              "default": true
            }
          ],
          "store_path": "/nix/store/74m5gc9nzp54nja6cxqf6mqh8badqqbs-libvirt-11.4.0"
        },
        "aarch64-linux": {
          "outputs": [
            {
              "name": "out",
              "path": "/nix/store/xclbbzyyxzf2cwwyfdx5qran7dbvrjqv-libvirt-11.4.0",
              "default": true
            }
          ],
          "store_path": "/nix/store/xclbbzyyxzf2cwwyfdx5qran7dbvrjqv-libvirt-11.4.0"
        },
        "x86_64-darwin": {
          "outputs": [
            {
              "name": "out",
              "path": "/nix/store/0h8li5gw16fdv3cranb167q9ypd0g41r-libvirt-11.4.0",
              "default": true
            }
          ],
          "store_path": "/nix/store/0h8li5gw16fdv3cranb167q9ypd0g41r-libvirt-11.4.0"
        },
        "x86_64-linux": {
          "outputs": [
            {
              "name": "out",
              "path": "/nix/store/flzcc15w2z51bibxgqz51wdvg2yr3nm1-libvirt-11.4.0",
              "default": true
            }
          ],
          "store_path": "/nix/store/flzcc15w2z51bibxgqz51wdvg2yr3nm1-libvirt-11.4.0"
        }
      }
    },
    "python@3.12": {
      "last_modified": "2025-06-20T02:24:11Z",
      "plugin_version": "0.0.4",
      "resolved": "github:NixOS/nixpkgs/076e8c6678d8c54204abcb4b1b14c366835a58bb#python312",
      "source": "devbox-search",
      "version": "3.12.11",
      "systems": {
        "aarch64-darwin": {
          "outputs": [
            {
              "name": "out",
              "path": "/nix/store/q54d9qqlb27g2nf9ja4zsa89gl7b3yvm-python3-3.12.11",
              "default": true
            }
          ],
          "store_path": "/nix/store/q54d9qqlb27g2nf9ja4zsa89gl7b3yvm-python3-3.12.11"
        },
        "aarch64-linux": {
          "outputs": [
            {
              "name": "out",
              "path": "/nix/store/3ib0x9qs9bwg4nfkrk18rk1dx6yng0ga-python3-3.12.11",
              "default": true
            },
            {
              "name": "debug",
              "path": "/nix/store/ayv6k8h3mhdxkr61nv5c0ib2lpgs59md-python3-3.12.11-debug"
            }
          ],
          "store_path": "/nix/store/3ib0x9qs9bwg4nfkrk18rk1dx6yng0ga-python3-3.12.11"
        },
        "x86_64-darwin": {
          "outputs": [
            {
              "name": "out",
              "path": "/nix/store/q2y1zwszjmsap7r6nbk4dxbcsm47abfx-python3-3.12.11",
              "default": true
            }
          ],
          "store_path": "/nix/store/q2y1zwszjmsap7r6nbk4dxbcsm47abfx-python3-3.12.11"
        },
        "x86_64-linux": {
          "outputs": [
            {
              "name": "out",
              "path": "/nix/store/89laaz8x9pdydxzz74p0vd8vdj0szqbq-python3-3.12.11",
              "default": true
            },
            {
              "name": "debug",
              "path": "/nix/store/prihzlrq8b5km32h61056adn8vpmnlgj-python3-3.12.11-debug"
            }
          ],
          "store_path": "/nix/store/89laaz8x9pdydxzz74p0vd8vdj0szqbq-python3-3.12.11"
        }
      }
    },
    "uv@latest": {
      "last_modified": "2025-07-04T02:32:11Z",
      "resolved": "github:NixOS/nixpkgs/472908faa934435cf781ae8fac77291af3d137d3#uv",
      "source": "devbox-search",
      "version": "0.7.19",
      "systems": {
        "aarch64-darwin": {
          "outputs": [
            {
              "name": "out",
              "path": "/nix/store/wqsjqa8jj9ncm8kphpazc17c3ixwpmsl-uv-0.7.19",
              "default": true
            }
          ],
          "store_path": "/nix/store/wqsjqa8jj9ncm8kphpazc17c3ixwpmsl-uv-0.7.19"
        },
        "aarch64-linux": {
          "outputs": [
            {
              "name": "out",
              "path": "/nix/store/4xnxw14jj9x0dcpy0vybrpa2fyikddgq-uv-0.7.19",
              "default": true
            }
          ],
          "store_path": "/nix/store/4xnxw14jj9x0dcpy0vybrpa2fyikddgq-uv-0.7.19"
        },
        "x86_64-darwin": {
          "outputs": [
            {
              "name": "out",
              "path": "/nix/store/07wkg06d2ns86v93zg8f4k29d4lig2nb-uv-0.7.19",
              "default": true
            }
          ],
          "store_path": "/nix/store/07wkg06d2ns86v93zg8f4k29d4lig2nb-uv-0.7.19"
        },
        "x86_64-linux": {
          "outputs": [
            {
              "name": "out",
              "path": "/nix/store/hmc2i2v7f3y6cpn4ydrbf4aki5rr1564-uv-0.7.19",
              "default": true
            }
          ],
          "store_path": "/nix/store/hmc2i2v7f3y6cpn4ydrbf4aki5rr1564-uv-0.7.19"
        }
      }
    },
    "virt-viewer@latest": {
      "last_modified": "2025-07-09T16:14:05Z",
      "resolved": "github:NixOS/nixpkgs/be9e214982e20b8310878ac2baa063a961c1bdf6#virt-viewer",
      "source": "devbox-search",
      "version": "11.0",
      "systems": {
        "aarch64-darwin": {
          "outputs": [
            {
              "name": "out",
              "path": "/nix/store/c5nzmgiq7ycg215p5yz87yxmmhh5gzs3-virt-viewer-11.0",
              "default": true
            }
          ],
          "store_path": "/nix/store/c5nzmgiq7ycg215p5yz87yxmmhh5gzs3-virt-viewer-11.0"
        },
        "aarch64-linux": {
          "outputs": [
            {
              "name": "out",
              "path": "/nix/store/c58mxnzyncwrgk8jx3jndr062x8f38vi-virt-viewer-11.0",
              "default": true
            }
          ],
          "store_path": "/nix/store/c58mxnzyncwrgk8jx3jndr062x8f38vi-virt-viewer-11.0"
        },
        "x86_64-darwin": {
          "outputs": [
            {
              "name": "out",
              "path": "/nix/store/n5jdp42gs79vx937c6hq5nw1s3wmspcs-virt-viewer-11.0",
              "default": true
            }
          ],
          "store_path": "/nix/store/n5jdp42gs79vx937c6hq5nw1s3wmspcs-virt-viewer-11.0"
        },
        "x86_64-linux": {
          "outputs": [
            {
              "name": "out",
              "path": "/nix/store/b4pk68v6rnbyq9q20ma82a59qp6vjwbx-virt-viewer-11.0",
              "default": true
            }
          ],
          "store_path": "/nix/store/b4pk68v6rnbyq9q20ma82a59qp6vjwbx-virt-viewer-11.0"
        }
      }
    },
    "xfsprogs@latest": {
      "last_modified": "2025-07-04T10:39:05Z",
      "resolved": "github:NixOS/nixpkgs/c860cf0b3a0829f0f6cf344ca8de83a2bbfab428#xfsprogs",
      "source": "devbox-search",
      "version": "6.15.0",
      "systems": {
        "aarch64-linux": {
          "outputs": [
            {
              "name": "bin",
              "path": "/nix/store/vgvhnxhz86hzsscmlh50f99x6v5k6zl5-xfsprogs-6.15.0-bin",
              "default": true
            },
            {
              "name": "dev",
              "path": "/nix/store/3ak87wvrsznwna257ivzrxghqj3k23am-xfsprogs-6.15.0-dev"
            },
            {
              "name": "doc",
              "path": "/nix/store/rlklawx7ccm3vvx2ba2c7r2fy9b2y4if-xfsprogs-6.15.0-doc"
            },
            {
              "name": "out",
              "path": "/nix/store/kbpb33cvzrg4zczkdfz6nswrfr796lda-xfsprogs-6.15.0"
            }
          ],
          "store_path": "/nix/store/vgvhnxhz86hzsscmlh50f99x6v5k6zl5-xfsprogs-6.15.0-bin"
        },
        "x86_64-linux": {
          "outputs": [
            {
              "name": "bin",
              "path": "/nix/store/8sgynganx82qwj700vf06a3pjkm80ip8-xfsprogs-6.15.0-bin",
              "default": true
            },
            {
              "name": "dev",
              "path": "/nix/store/jyr5sk7z1yw4mz6a1xpff32lv38xr8rn-xfsprogs-6.15.0-dev"
            },
            {
              "name": "doc",
              "path": "/nix/store/6fmzaw154292xnjnhbw6zkhhc8jzswi9-xfsprogs-6.15.0-doc"
            },
            {
              "name": "out",
              "path": "/nix/store/yhwdi67yb2al5m8qnk6wxvars0x9jn1b-xfsprogs-6.15.0"
            }
          ],
          "store_path": "/nix/store/8sgynganx82qwj700vf06a3pjkm80ip8-xfsprogs-6.15.0-bin"
        }
      }
    },
    "yq@latest": {
      "last_modified": "2025-06-20T02:24:11Z",
      "resolved": "github:NixOS/nixpkgs/076e8c6678d8c54204abcb4b1b14c366835a58bb#yq",
      "source": "devbox-search",
      "version": "3.4.3",
      "systems": {
        "aarch64-darwin": {
          "outputs": [
            {
              "name": "out",
              "path": "/nix/store/c6bm2alrfbz1w66fhaxlvnsg6ych5q10-python3.13-yq-3.4.3",
              "default": true
            },
            {
              "name": "dist",
              "path": "/nix/store/kb8j0c0rn0zqnr6cfp0sprbgxc2si808-python3.13-yq-3.4.3-dist"
            }
          ],
          "store_path": "/nix/store/c6bm2alrfbz1w66fhaxlvnsg6ych5q10-python3.13-yq-3.4.3"
        },
        "aarch64-linux": {
          "outputs": [
            {
              "name": "out",
              "path": "/nix/store/lfgmnrik6xw7rarw58szvkbnsk26a7g5-python3.13-yq-3.4.3",
              "default": true
            },
            {
              "name": "dist",
              "path": "/nix/store/xvlvrsq1hfddhlqcqzfsj9mn2ai5896z-python3.13-yq-3.4.3-dist"
            }
          ],
          "store_path": "/nix/store/lfgmnrik6xw7rarw58szvkbnsk26a7g5-python3.13-yq-3.4.3"
        },
        "x86_64-darwin": {
          "outputs": [
            {
              "name": "out",
              "path": "/nix/store/6m80rnbjms2f5kyykynkapwx67kj57wx-python3.13-yq-3.4.3",
              "default": true
            },
            {
              "name": "dist",
              "path": "/nix/store/y38ix2gpbrc88h1lbxsw8rwifshsx092-python3.13-yq-3.4.3-dist"
            }
          ],
          "store_path": "/nix/store/6m80rnbjms2f5kyykynkapwx67kj57wx-python3.13-yq-3.4.3"
        },
        "x86_64-linux": {
          "outputs": [
            {
              "name": "out",
              "path": "/nix/store/xqp9xfpkll8y3vx495b9nvwwvfci3l78-python3.13-yq-3.4.3",
              "default": true
            },
            {
              "name": "dist",
              "path": "/nix/store/74v6qvgq3417xv01a7rplbjz85qdryh8-python3.13-yq-3.4.3-dist"
            }
          ],
          "store_path": "/nix/store/xqp9xfpkll8y3vx495b9nvwwvfci3l78-python3.13-yq-3.4.3"
        }
      }
    }
  }
}
